cel.dev/expr v0.24.0 h1:56OvJKSH3hDGL0ml5uSxZmz3/3Pq4tJ+fb1unVLAFcY=
cel.dev/expr v0.24.0/go.mod h1:hLPLo1W4QUmuYdA72RBX06QTs6MXw941piREPl3Yfiw=
cloud.google.com/go v0.121.6 h1:waZiuajrI28iAf40cWgycWNgaXPO06dupuS+sgibK6c=
cloud.google.com/go v0.121.6/go.mod h1:coChdst4Ea5vUpiALcYKXEpR1S9ZgXbhEzzMcMR66vI=
cloud.google.com/go/auth v0.16.5 h1:mFWNQ2FEVWAliEQWpAdH80omXFokmrnbDhUS9cBywsI=
cloud.google.com/go/auth v0.16.5/go.mod h1:utzRfHMP+Vv0mpOkTRQoWD2q3BatTOoWbA7gCc2dUhQ=
cloud.google.com/go/auth/oauth2adapt v0.2.8 h1:keo8NaayQZ6wimpNSmW5OPc283g65QNIiLpZnkHRbnc=
cloud.google.com/go/auth/oauth2adapt v0.2.8/go.mod h1:XQ9y31RkqZCcwJWNSx2Xvric3RrU88hAYYbjDWYDL+c=
cloud.google.com/go/compute/metadata v0.8.0 h1:HxMRIbao8w17ZX6wBnjhcDkW6lTFpgcaobyVfZWqRLA=
cloud.google.com/go/compute/metadata v0.8.0/go.mod h1:sYOGTp851OV9bOFJ9CH7elVvyzopvWQFNNghtDQ/Biw=
cloud.google.com/go/iam v1.5.2 h1:qgFRAGEmd8z6dJ/qyEchAuL9jpswyODjA2lS+w234g8=
cloud.google.com/go/iam v1.5.2/go.mod h1:SE1vg0N81zQqLzQEwxL2WI6yhetBdbNQuTvIKCSkUHE=
cloud.google.com/go/logging v1.13.0 h1:7j0HgAp0B94o1YRDqiqm26w4q1rDMH7XNRU34lJXHYc=
cloud.google.com/go/logging v1.13.0/go.mod h1:36CoKh6KA/M0PbhPKMq6/qety2DCAErbhXT62TuXALA=
cloud.google.com/go/longrunning v0.6.7 h1:IGtfDWHhQCgCjwQjV9iiLnUta9LBCo8R9QmAFsS/PrE=
cloud.google.com/go/longrunning v0.6.7/go.mod h1:EAFV3IZAKmM56TyiE6VAP3VoTzhZzySwI/YI1s/nRsY=
cloud.google.com/go/monitoring v1.24.2 h1:5OTsoJ1dXYIiMiuL+sYscLc9BumrL3CarVLL7dd7lHM=
cloud.google.com/go/monitoring v1.24.2/go.mod h1:x7yzPWcgDRnPEv3sI+jJGBkwl5qINf+6qY4eq0I9B4U=
cloud.google.com/go/storage v1.57.0 h1:4g7NB7Ta7KetVbOMpCqy89C+Vg5VE8scqlSHUPm7Rds=
cloud.google.com/go/storage v1.57.0/go.mod h1:329cwlpzALLgJuu8beyJ/uvQznDHpa2U5lGjWednkzg=
cloud.google.com/go/trace v1.11.6 h1:2O2zjPzqPYAHrn3OKl029qlqG6W8ZdYaOWRyr8NgMT4=
cloud.google.com/go/trace v1.11.6/go.mod h1:GA855OeDEBiBMzcckLPE2kDunIpC72N+Pq8WFieFjnI=
github.com/GoogleCloudPlatform/opentelemetry-operations-go/detectors/gcp v1.27.0 h1:ErKg/3iS1AKcTkf3yixlZ54f9U1rljCkQyEXWUnIUxc=
github.com/GoogleCloudPlatform/opentelemetry-operations-go/detectors/gcp v1.27.0/go.mod h1:yAZHSGnqScoU556rBOVkwLze6WP5N+U11RHuWaGVxwY=
github.com/GoogleCloudPlatform/opentelemetry-operations-go/exporter/metric v0.53.0 h1:owcC2UnmsZycprQ5RfRgjydWhuoxg71LUfyiQdijZuM=
github.com/GoogleCloudPlatform/opentelemetry-operations-go/exporter/metric v0.53.0/go.mod h1:ZPpqegjbE99EPKsu3iUWV22A04wzGPcAY/ziSIQEEgs=
github.com/GoogleCloudPlatform/opentelemetry-operations-go/internal/cloudmock v0.53.0 h1:4LP6hvB4I5ouTbGgWtixJhgED6xdf67twf9PoY96Tbg=
github.com/GoogleCloudPlatform/opentelemetry-operations-go/internal/cloudmock v0.53.0/go.mod h1:jUZ5LYlw40WMd07qxcQJD5M40aUxrfwqQX1g7zxYnrQ=
github.com/GoogleCloudPlatform/opentelemetry-operations-go/internal/resourcemapping v0.53.0 h1:Ron4zCA/yk6U7WOBXhTJcDpsUBG9npumK6xw2auFltQ=
github.com/GoogleCloudPlatform/opentelemetry-operations-go/internal/resourcemapping v0.53.0/go.mod h1:cSgYe11MCNYunTnRXrKiR/tHc0eoKjICUuWpNZoVCOo=
github.com/aws/aws-sdk-go-v2 v1.37.1 h1:SMUxeNz3Z6nqGsXv0JuJXc8w5YMtrQMuIBmDx//bBDY=
github.com/aws/aws-sdk-go-v2 v1.37.1/go.mod h1:9Q0OoGQoboYIAJyslFyF1f5K1Ryddop8gqMhWx/n4Wg=
github.com/aws/aws-sdk-go-v2/aws/protocol/eventstream v1.7.0 h1:6GMWV6CNpA/6fbFHnoAjrv4+LGfyTqZz2LtCHnspgDg=
github.com/aws/aws-sdk-go-v2/aws/protocol/eventstream v1.7.0/go.mod h1:/mXlTIVG9jbxkqDnr5UQNQxW1HRYxeGklkM9vAFeabg=
github.com/aws/aws-sdk-go-v2/config v1.30.2 h1:YE1BmSc4fFYqFgN1mN8uzrtc7R9x+7oSWeX8ckoltAw=
github.com/aws/aws-sdk-go-v2/config v1.30.2/go.mod h1:UNrLGZ6jfAVjgVJpkIxjLufRJqTXCVYOpkeVf83kwBo=
github.com/aws/aws-sdk-go-v2/credentials v1.18.2 h1:mfm0GKY/PHLhs7KO0sUaOtFnIQ15Qqxt+wXbO/5fIfs=
github.com/aws/aws-sdk-go-v2/credentials v1.18.2/go.mod h1:v0SdJX6ayPeZFQxgXUKw5RhLpAoZUuynxWDfh8+Eknc=
github.com/aws/aws-sdk-go-v2/feature/dynamodb/attributevalue v1.18.9 h1:EU6VkY8G4N+IFl0D2Cd9LcUeJHyNdLJAbHfMD9v5GHQ=
github.com/aws/aws-sdk-go-v2/feature/dynamodb/attributevalue v1.18.9/go.mod h1:JlH7zEPanxEEBLAAnKBRNZz+nrxTTMVKO40P5+umoUQ=
github.com/aws/aws-sdk-go-v2/feature/ec2/imds v1.18.1 h1:owmNBboeA0kHKDcdF8KiSXmrIuXZustfMGGytv6OMkM=
github.com/aws/aws-sdk-go-v2/feature/ec2/imds v1.18.1/go.mod h1:Bg1miN59SGxrZqlP8vJZSmXW+1N8Y1MjQDq1OfuNod8=
github.com/aws/aws-sdk-go-v2/feature/s3/manager v1.18.2 h1:YFX4DvH1CPQXgQR8935b46Om+L7+6jus4aTdKqyDR84=
github.com/aws/aws-sdk-go-v2/feature/s3/manager v1.18.2/go.mod h1:DgMPy7GqxcV0RSyaITnI3rw8HC3lIHB87U3KPQKDxHg=
github.com/aws/aws-sdk-go-v2/internal/configsources v1.4.1 h1:ksZXBYv80EFTcgc8OJO48aQ8XDWXIQL7gGasPeCoTzI=
github.com/aws/aws-sdk-go-v2/internal/configsources v1.4.1/go.mod h1:HSksQyyJETVZS7uM54cir0IgxttTD+8aEoJMPGepHBI=
github.com/aws/aws-sdk-go-v2/internal/endpoints/v2 v2.7.1 h1:+dn/xF/05utS7tUhjIcndbuaPjfll2LhbH1cCDGLYUQ=
github.com/aws/aws-sdk-go-v2/internal/endpoints/v2 v2.7.1/go.mod h1:hyAGz30LHdm5KBZDI58MXx5lDVZ5CUfvfTZvMu4HCZo=
github.com/aws/aws-sdk-go-v2/internal/ini v1.8.3 h1:bIqFDwgGXXN1Kpp99pDOdKMTTb5d2KyU5X/BZxjOkRo=
github.com/aws/aws-sdk-go-v2/internal/ini v1.8.3/go.mod h1:H5O/EsxDWyU+LP/V8i5sm8cxoZgc2fdNR9bxlOFrQTo=
github.com/aws/aws-sdk-go-v2/internal/v4a v1.4.1 h1:4HbnOGE9491a9zYJ9VpPh1ApgEq6ZlD4Kuv1PJenFpc=
github.com/aws/aws-sdk-go-v2/internal/v4a v1.4.1/go.mod h1:Z6QnHC6TmpJWUxAy8FI4JzA7rTwl6EIANkyK9OR5z5w=
github.com/aws/aws-sdk-go-v2/service/dynamodb v1.42.1 h1:67oYHlAdIoWS65kdTKatf9o1eDNkR2wan6TlBdP3oe4=
github.com/aws/aws-sdk-go-v2/service/dynamodb v1.42.1/go.mod h1:yYaWRnVSPyAmexW5t7G3TcuYoalYfT+xQwzWsvtUQ7M=
github.com/aws/aws-sdk-go-v2/service/dynamodbstreams v1.25.2 h1:D1Af/NlGfG2/8S3EY/hCUlvPcfu2UrX4+XaGeiFzJQM=
github.com/aws/aws-sdk-go-v2/service/dynamodbstreams v1.25.2/go.mod h1:lUqWdw5/esjPTkITXhN4C66o1ltwDq2qQ12j3SOzhVg=
github.com/aws/aws-sdk-go-v2/service/internal/accept-encoding v1.13.0 h1:6+lZi2JeGKtCraAj1rpoZfKqnQ9SptseRZioejfUOLM=
github.com/aws/aws-sdk-go-v2/service/internal/accept-encoding v1.13.0/go.mod h1:eb3gfbVIxIoGgJsi9pGne19dhCBpK6opTYpQqAmdy44=
github.com/aws/aws-sdk-go-v2/service/internal/checksum v1.8.1 h1:ps3nrmBWdWwakZBydGX1CxeYFK80HsQ79JLMwm7Y4/c=
github.com/aws/aws-sdk-go-v2/service/internal/checksum v1.8.1/go.mod h1:bAdfrfxENre68Hh2swNaGEVuFYE74o0SaSCAlaG9E74=
github.com/aws/aws-sdk-go-v2/service/internal/endpoint-discovery v1.10.15 h1:M1R1rud7HzDrfCdlBQ7NjnRsDNEhXO/vGhuD189Ggmk=
github.com/aws/aws-sdk-go-v2/service/internal/endpoint-discovery v1.10.15/go.mod h1:uvFKBSq9yMPV4LGAi7N4awn4tLY+hKE35f8THes2mzQ=
github.com/aws/aws-sdk-go-v2/service/internal/presigned-url v1.13.1 h1:ky79ysLMxhwk5rxJtS+ILd3Mc8kC5fhsLBrP27r6h4I=
github.com/aws/aws-sdk-go-v2/service/internal/presigned-url v1.13.1/go.mod h1:+2MmkvFvPYM1vsozBWduoLJUi5maxFk5B7KJFECujhY=
github.com/aws/aws-sdk-go-v2/service/internal/s3shared v1.19.1 h1:MdVYlN5pcQu1t1OYx4Ajo3fKl1IEhzgdPQbYFCRjYS8=
github.com/aws/aws-sdk-go-v2/service/internal/s3shared v1.19.1/go.mod h1:iikmNLrvHm2p4a3/4BPeix2S9P+nW8yM1IZW73x8bFA=
github.com/aws/aws-sdk-go-v2/service/resourcegroupstaggingapi v1.26.2 h1:SW+bplzotcNwVKph3FWsE4Zfk728edeFUCM5VmjbFy0=
github.com/aws/aws-sdk-go-v2/service/resourcegroupstaggingapi v1.26.2/go.mod h1:cgPfPTC/V3JqwCKed7Q6d0FrgarV7ltz4Bz6S4Q+Dqk=
github.com/aws/aws-sdk-go-v2/service/s3 v1.85.1 h1:Hsqo8+dFxSdDvv9B2PgIx1AJAnDpqgS0znVI+R+MoGY=
github.com/aws/aws-sdk-go-v2/service/s3 v1.85.1/go.mod h1:8Q0TAPXD68Z8YqlcIGHs/UNIDHsxErV9H4dl4vJEpgw=
github.com/aws/aws-sdk-go-v2/service/ssm v1.58.1 h1:GLyAQEth2SljkC2DP5iK2GMkzgrGvURD+NEBVgQer3I=
github.com/aws/aws-sdk-go-v2/service/ssm v1.58.1/go.mod h1:PUWUl5MDiYNQkUHN9Pyd9kgtA/YhbxnSnHP+yQqzrM8=
github.com/aws/aws-sdk-go-v2/service/sso v1.26.1 h1:uWaz3DoNK9MNhm7i6UGxqufwu3BEuJZm72WlpGwyVtY=
github.com/aws/aws-sdk-go-v2/service/sso v1.26.1/go.mod h1:ILpVNjL0BO+Z3Mm0SbEeUoYS9e0eJWV1BxNppp0fcb8=
github.com/aws/aws-sdk-go-v2/service/ssooidc v1.31.1 h1:XdG6/o1/ZDmn3wJU5SRAejHaWgKS4zHv0jBamuKuS2k=
github.com/aws/aws-sdk-go-v2/service/ssooidc v1.31.1/go.mod h1:oiotGTKadCOCl3vg/tYh4k45JlDF81Ka8rdumNhEnIQ=
github.com/aws/aws-sdk-go-v2/service/sts v1.35.1 h1:iF4Xxkc0H9c/K2dS0zZw3SCkj0Z7n6AMnUiiyoJND+I=
github.com/aws/aws-sdk-go-v2/service/sts v1.35.1/go.mod h1:0bxIatfN0aLq4mjoLDeBpOjOke68OsFlXPDFJ7V0MYw=
github.com/aws/smithy-go v1.22.5 h1:P9ATCXPMb2mPjYBgueqJNCA5S9UfktsW0tTxi+a7eqw=
github.com/aws/smithy-go v1.22.5/go.mod h1:t1ufH5HMublsJYulve2RKmHDC15xu1f26kHCp/HgceI=
github.com/cespare/xxhash/v2 v2.3.0 h1:UL815xU9SqsFlibzuggzjXhog7bL6oX9BbNZnL2UFvs=
github.com/cespare/xxhash/v2 v2.3.0/go.mod h1:VGX0DQ3Q6kWi7AoAeZDth3/j3BFtOZR5XLFGgcrjCOs=
github.com/chengxilo/virtualterm v1.0.4 h1:Z6IpERbRVlfB8WkOmtbHiDbBANU7cimRIof7mk9/PwM=
github.com/chengxilo/virtualterm v1.0.4/go.mod h1:DyxxBZz/x1iqJjFxTFcr6/x+jSpqN0iwWCOK1q10rlY=
github.com/cncf/xds/go v0.0.0-20250501225837-2ac532fd4443 h1:aQ3y1lwWyqYPiWZThqv1aFbZMiM9vblcSArJRf2Irls=
github.com/cncf/xds/go v0.0.0-20250501225837-2ac532fd4443/go.mod h1:W+zGtBO5Y1IgJhy4+A9GOqVhqLpfZi+vwmdNXUehLA8=
github.com/cpuguy83/go-md2man/v2 v2.0.6/go.mod h1:oOW0eioCTA6cOiMLiUPZOpcVxMig6NIQQ7OS05n1F4g=
github.com/davecgh/go-spew v1.1.0/go.mod h1:J7Y8YcW2NihsgmVo/mv3lAwl/skON4iLHjSsI+c5H38=
github.com/davecgh/go-spew v1.1.1/go.mod h1:J7Y8YcW2NihsgmVo/mv3lAwl/skON4iLHjSsI+c5H38=
github.com/davecgh/go-spew v1.1.2-0.20180830191138-d8f796af33cc h1:U9qPSI2PIWSS1VwoXQT9A3Wy9MM3WgvqSxFWenqJduM=
github.com/davecgh/go-spew v1.1.2-0.20180830191138-d8f796af33cc/go.mod h1:J7Y8YcW2NihsgmVo/mv3lAwl/skON4iLHjSsI+c5H38=
github.com/envoyproxy/go-control-plane v0.13.4 h1:zEqyPVyku6IvWCFwux4x9RxkLOMUL+1vC9xUFv5l2/M=
github.com/envoyproxy/go-control-plane v0.13.4/go.mod h1:kDfuBlDVsSj2MjrLEtRWtHlsWIFcGyB2RMO44Dc5GZA=
github.com/envoyproxy/go-control-plane/envoy v1.32.4 h1:jb83lalDRZSpPWW2Z7Mck/8kXZ5CQAFYVjQcdVIr83A=
github.com/envoyproxy/go-control-plane/envoy v1.32.4/go.mod h1:Gzjc5k8JcJswLjAx1Zm+wSYE20UrLtt7JZMWiWQXQEw=
github.com/envoyproxy/go-control-plane/ratelimit v0.1.0 h1:/G9QYbddjL25KvtKTv3an9lx6VBE2cnb8wp1vEGNYGI=
github.com/envoyproxy/go-control-plane/ratelimit v0.1.0/go.mod h1:Wk+tMFAFbCXaJPzVVHnPgRKdUdwW/KdbRt94AzgRee4=
github.com/envoyproxy/protoc-gen-validate v1.2.1 h1:DEo3O99U8j4hBFwbJfrz9VtgcDfUKS7KJ7spH3d86P8=
github.com/envoyproxy/protoc-gen-validate v1.2.1/go.mod h1:d/C80l/jxXLdfEIhX1W2TmLfsJ31lvEjwamM4DxlWXU=
github.com/felixge/httpsnoop v1.0.4 h1:NFTV2Zj1bL4mc9sqWACXbQFVBBg2W3GPvqp8/ESS2Wg=
github.com/felixge/httpsnoop v1.0.4/go.mod h1:m8KPJKqk1gH5J9DgRY2ASl2lWCfGKXixSwevea8zH2U=
github.com/frankban/quicktest v1.14.6 h1:7Xjx+VpznH+oBnejlPUj8oUpdxnVs4f8XU8WnHkI4W8=
github.com/frankban/quicktest v1.14.6/go.mod h1:4ptaffx2x8+WTWXmUCuVU6aPUX1/Mz7zb5vbUoiM6w0=
github.com/fsnotify/fsnotify v1.9.0 h1:2Ml+OJNzbYCTzsxtv8vKSFD9PbJjmhYF14k/jKC7S9k=
github.com/fsnotify/fsnotify v1.9.0/go.mod h1:8jBTzvmWwFyi3Pb8djgCCO5IBqzKJ/Jwo8TRcHyHii0=
github.com/go-jose/go-jose/v4 v4.0.5 h1:M6T8+mKZl/+fNNuFHvGIzDz7BTLQPIounk/b9dw3AaE=
github.com/go-jose/go-jose/v4 v4.0.5/go.mod h1:s3P1lRrkT8igV8D9OjyL4WRyHvjB6a4JSllnOrmmBOA=
github.com/go-logr/logr v1.2.2/go.mod h1:jdQByPbusPIv2/zmleS9BjJVeZ6kBagPoEUsqbVz/1A=
github.com/go-logr/logr v1.4.3 h1:CjnDlHq8ikf6E492q6eKboGOC0T8CDaOvkHCIg8idEI=
github.com/go-logr/logr v1.4.3/go.mod h1:9T104GzyrTigFIr8wt5mBrctHMim0Nb2HLGrmQ40KvY=
github.com/go-logr/stdr v1.2.2 h1:hSWxHoqTgW2S2qGc0LTAI563KZ5YKYRhT3MFKZMbjag=
github.com/go-logr/stdr v1.2.2/go.mod h1:mMo/vtBO5dYbehREoey6XUKy/eSumjCCveDpRre4VKE=
github.com/go-viper/mapstructure/v2 v2.4.0 h1:EBsztssimR/CONLSZZ04E8qAkxNYq4Qp9LvH92wZUgs=
github.com/go-viper/mapstructure/v2 v2.4.0/go.mod h1:oJDH3BJKyqBA2TXFhDsKDGDTlndYOZ6rGS0BRZIxGhM=
github.com/golang/protobuf v1.5.4 h1:i7eJL8qZTpSEXOPTxNKhASYpMn+8e5Q6AdndVa1dWek=
github.com/golang/protobuf v1.5.4/go.mod h1:lnTiLA8Wa4RWRcIUkrtSVa5nRhsEGBg48fD6rSs7xps=
github.com/google/go-cmp v0.7.0 h1:wk8382ETsv4JYUZwIsn6YpYiWiBsYLSJiTsyBybVuN8=
github.com/google/go-cmp v0.7.0/go.mod h1:pXiqmnSA92OHEEa9HXL2W4E7lf9JzCmGVUdgjX3N/iU=
github.com/google/martian/v3 v3.3.3 h1:DIhPTQrbPkgs2yJYdXU/eNACCG5DVQjySNRNlflZ9Fc=
github.com/google/martian/v3 v3.3.3/go.mod h1:iEPrYcgCF7jA9OtScMFQyAlZZ4YXTKEtJ1E6RWzmBA0=
github.com/google/s2a-go v0.1.9 h1:LGD7gtMgezd8a/Xak7mEWL0PjoTQFvpRudN895yqKW0=
github.com/google/s2a-go v0.1.9/go.mod h1:YA0Ei2ZQL3acow2O62kdp9UlnvMmU7kA6Eutn0dXayM=
github.com/google/uuid v1.6.0 h1:NIvaJDMOsjHA8n1jAhLSgzrAzy1Hgr+hNrb57e+94F0=
github.com/google/uuid v1.6.0/go.mod h1:TIyPZe4MgqvfeYDBFedMoGGpEw/LqOeaOT+nhxU+yHo=
github.com/googleapis/enterprise-certificate-proxy v0.3.6 h1:GW/XbdyBFQ8Qe+YAmFU9uHLo7OnF5tL52HFAgMmyrf4=
github.com/googleapis/enterprise-certificate-proxy v0.3.6/go.mod h1:MkHOF77EYAE7qfSuSS9PU6g4Nt4e11cnsDUowfwewLA=
github.com/googleapis/gax-go/v2 v2.15.0 h1:SyjDc1mGgZU5LncH8gimWo9lW1DtIfPibOG81vgd/bo=
github.com/googleapis/gax-go/v2 v2.15.0/go.mod h1:zVVkkxAQHa1RQpg9z2AUCMnKhi0Qld9rcmyfL1OZhoc=
github.com/inconshreveable/mousetrap v1.1.0 h1:wN+x4NVGpMsO7ErUn/mUI3vEoE6Jt13X2s0bqwp9tc8=
github.com/inconshreveable/mousetrap v1.1.0/go.mod h1:vpF70FUmC8bwa3OWnCshd2FqLfsEA9PFc4w1p2J65bw=
github.com/klauspost/cpuid/v2 v2.2.10 h1:tBs3QSyvjDyFTq3uoc/9xFpCuOsJQFNPiAhYdw2skhE=
github.com/klauspost/cpuid/v2 v2.2.10/go.mod h1:hqwkgyIinND0mEev00jJYCxPNVRVXFQeu1XKlok6oO0=
github.com/klauspost/reedsolomon v1.12.5 h1:4cJuyH926If33BeDgiZpI5OU0pE+wUHZvMSyNGqN73Y=
github.com/klauspost/reedsolomon v1.12.5/go.mod h1:LkXRjLYGM8K/iQfujYnaPeDmhZLqkrGUyG9p7zs5L68=
github.com/kr/pretty v0.3.1 h1:flRD4NNwYAUpkphVc1HcthR4KEIFJ65n8Mw5qdRn3LE=
github.com/kr/pretty v0.3.1/go.mod h1:hoEshYVHaxMs3cyo3Yncou5ZscifuDolrwPKZanG3xk=
github.com/kr/text v0.2.0 h1:5Nx0Ya0ZqY2ygV366QzturHI13Jq95ApcVaJBhpS+AY=
github.com/kr/text v0.2.0/go.mod h1:eLer722TekiGuMkidMxC/pM04lWEeraHUUmBw8l2grE=
github.com/mattn/go-runewidth v0.0.16 h1:E5ScNMtiwvlvB5paMFdw9p4kSQzbXFikJ5SQO6TULQc=
github.com/mattn/go-runewidth v0.0.16/go.mod h1:Jdepj2loyihRzMpdS35Xk/zdY8IAYHsh153qUoGf23w=
github.com/mitchellh/colorstring v0.0.0-20190213212951-d06e56a500db h1:62I3jR2EmQ4l5rM/4FEfDWcRD+abF5XlKShorW5LRoQ=
github.com/mitchellh/colorstring v0.0.0-20190213212951-d06e56a500db/go.mod h1:l0dey0ia/Uv7NcFFVbCLtqEBQbrT4OCwCSKTEv6enCw=
github.com/pelletier/go-toml/v2 v2.2.4 h1:mye9XuhQ6gvn5h28+VilKrrPoQVanw5PMw/TB0t5Ec4=
github.com/pelletier/go-toml/v2 v2.2.4/go.mod h1:2gIqNv+qfxSVS7cM2xJQKtLSTLUE9V8t9Stt+h56mCY=
github.com/planetscale/vtprotobuf v0.6.1-0.20240319094008-0393e58bdf10 h1:GFCKgmp0tecUJ0sJuv4pzYCqS9+RGSn52M3FUwPs+uo=
github.com/planetscale/vtprotobuf v0.6.1-0.20240319094008-0393e58bdf10/go.mod h1:t/avpk3KcrXxUnYOhZhMXJlSEyie6gQbtLq5NM3loB8=
github.com/pmezard/go-difflib v1.0.0/go.mod h1:iKH77koFhYxTK1pcRnkKkqfTogsbg7gZNVY4sRDYZ/4=
github.com/pmezard/go-difflib v1.0.1-0.20181226105442-5d4384ee4fb2 h1:Jamvg5psRIccs7FGNTlIRMkT8wgtp5eCXdBlqhYGL6U=
github.com/pmezard/go-difflib v1.0.1-0.20181226105442-5d4384ee4fb2/go.mod h1:iKH77koFhYxTK1pcRnkKkqfTogsbg7gZNVY4sRDYZ/4=
github.com/rivo/uniseg v0.4.7 h1:WUdvkW8uEhrYfLC4ZzdpI2ztxP1I582+49Oc5Mq64VQ=
github.com/rivo/uniseg v0.4.7/go.mod h1:FN3SvrM+Zdj16jyLfmOkMNblXMcoc8DfTHruCPUcx88=
github.com/rogpeppe/go-internal v1.13.1 h1:KvO1DLK/DRN07sQ1LQKScxyZJuNnedQ5/wKSR38lUII=
github.com/rogpeppe/go-internal v1.13.1/go.mod h1:uMEvuHeurkdAXX61udpOXGD/AzZDWNMNyH2VO9fmH0o=
github.com/russross/blackfriday/v2 v2.1.0/go.mod h1:+Rmxgy9KzJVeS9/2gXHxylqXiyQDYRxCVz55jmeOWTM=
github.com/sagikazarmark/locafero v0.11.0 h1:1iurJgmM9G3PA/I+wWYIOw/5SyBtxapeHDcg+AAIFXc=
github.com/sagikazarmark/locafero v0.11.0/go.mod h1:nVIGvgyzw595SUSUE6tvCp3YYTeHs15MvlmU87WwIik=
github.com/schollz/progressbar/v3 v3.18.0 h1:uXdoHABRFmNIjUfte/Ex7WtuyVslrw2wVPQmCN62HpA=
github.com/schollz/progressbar/v3 v3.18.0/go.mod h1:IsO3lpbaGuzh8zIMzgY3+J8l4C8GjO0Y9S69eFvNsec=
github.com/sirupsen/logrus v1.9.3 h1:dueUQJ1C2q9oE3F7wvmSGAaVtTmUizReu6fjN8uqzbQ=
github.com/sirupsen/logrus v1.9.3/go.mod h1:naHLuLoDiP4jHNo9R0sCBMtWGeIprob74mVsIT4qYEQ=
github.com/sourcegraph/conc v0.3.1-0.20240121214520-5f936abd7ae8 h1:+jumHNA0Wrelhe64i8F6HNlS8pkoyMv5sreGx2Ry5Rw=
github.com/sourcegraph/conc v0.3.1-0.20240121214520-5f936abd7ae8/go.mod h1:3n1Cwaq1E1/1lhQhtRK2ts/ZwZEhjcQeJQ1RuC6Q/8U=
github.com/spf13/afero v1.15.0 h1:b/YBCLWAJdFWJTN9cLhiXXcD7mzKn9Dm86dNnfyQw1I=
github.com/spf13/afero v1.15.0/go.mod h1:NC2ByUVxtQs4b3sIUphxK0NioZnmxgyCrfzeuq8lxMg=
github.com/spf13/cast v1.10.0 h1:h2x0u2shc1QuLHfxi+cTJvs30+ZAHOGRic8uyGTDWxY=
github.com/spf13/cast v1.10.0/go.mod h1:jNfB8QC9IA6ZuY2ZjDp0KtFO2LZZlg4S/7bzP6qqeHo=
github.com/spf13/cobra v1.9.1 h1:CXSaggrXdbHK9CF+8ywj8Amf7PBRmPCOJugH954Nnlo=
github.com/spf13/cobra v1.9.1/go.mod h1:nDyEzZ8ogv936Cinf6g1RU9MRY64Ir93oCnqb9wxYW0=
github.com/spf13/pflag v1.0.6/go.mod h1:McXfInJRrz4CZXVZOBLb0bTZqETkiAhM9Iw0y3An2Bg=
github.com/spf13/pflag v1.0.10 h1:4EBh2KAYBwaONj6b2Ye1GiHfwjqyROoF4RwYO+vPwFk=
github.com/spf13/pflag v1.0.10/go.mod h1:McXfInJRrz4CZXVZOBLb0bTZqETkiAhM9Iw0y3An2Bg=
github.com/spf13/viper v1.21.0 h1:x5S+0EU27Lbphp4UKm1C+1oQO+rKx36vfCoaVebLFSU=
github.com/spf13/viper v1.21.0/go.mod h1:P0lhsswPGWD/1lZJ9ny3fYnVqxiegrlNrEmgLjbTCAY=
github.com/spiffe/go-spiffe/v2 v2.5.0 h1:N2I01KCUkv1FAjZXJMwh95KK1ZIQLYbPfhaxw8WS0hE=
github.com/spiffe/go-spiffe/v2 v2.5.0/go.mod h1:P+NxobPc6wXhVtINNtFjNWGBTreew1GBUCwT2wPmb7g=
github.com/stretchr/objx v0.1.0/go.mod h1:HFkY916IF+rwdDfMAkV7OtwuqBVzrE8GR6GFx+wExME=
github.com/stretchr/testify v1.7.0/go.mod h1:6Fq8oRcR53rry900zMqJjRRixrwX3KX962/h/Wwjteg=
github.com/stretchr/testify v1.11.1 h1:7s2iGBzp5EwR7/aIZr8ao5+dra3wiQyKjjFuvgVKu7U=
github.com/stretchr/testify v1.11.1/go.mod h1:wZwfW3scLgRK+23gO65QZefKpKQRnfz6sD981Nm4B6U=
github.com/subosito/gotenv v1.6.0 h1:9NlTDc1FTs4qu0DDq7AEtTPNw6SVm7uBMsUCUjABIf8=
github.com/subosito/gotenv v1.6.0/go.mod h1:Dk4QP5c2W3ibzajGcXpNraDfq2IrhjMIvMSWPKKo0FU=
github.com/zeebo/errs v1.4.0 h1:XNdoD/RRMKP7HD0UhJnIzUy74ISdGGxURlYG8HSWSfM=
github.com/zeebo/errs v1.4.0/go.mod h1:sgbWHsvVuTPHcqJJGQ1WhI5KbWlHYz+2+2C/LSEtCw4=
go.opentelemetry.io/auto/sdk v1.1.0 h1:cH53jehLUN6UFLY71z+NDOiNJqDdPRaXzTel0sJySYA=
go.opentelemetry.io/auto/sdk v1.1.0/go.mod h1:3wSPjt5PWp2RhlCcmmOial7AvC4DQqZb7a7wCow3W8A=
go.opentelemetry.io/contrib/detectors/gcp v1.36.0 h1:F7q2tNlCaHY9nMKHR6XH9/qkp8FktLnIcy6jJNyOCQw=
go.opentelemetry.io/contrib/detectors/gcp v1.36.0/go.mod h1:IbBN8uAIIx734PTonTPxAxnjc2pQTxWNkwfstZ+6H2k=
go.opentelemetry.io/contrib/instrumentation/google.golang.org/grpc/otelgrpc v0.61.0 h1:q4XOmH/0opmeuJtPsbFNivyl7bCt7yRBbeEm2sC/XtQ=
go.opentelemetry.io/contrib/instrumentation/google.golang.org/grpc/otelgrpc v0.61.0/go.mod h1:snMWehoOh2wsEwnvvwtDyFCxVeDAODenXHtn5vzrKjo=
go.opentelemetry.io/contrib/instrumentation/net/http/otelhttp v0.61.0 h1:F7Jx+6hwnZ41NSFTO5q4LYDtJRXBf2PD0rNBkeB/lus=
go.opentelemetry.io/contrib/instrumentation/net/http/otelhttp v0.61.0/go.mod h1:UHB22Z8QsdRDrnAtX4PntOl36ajSxcdUMt1sF7Y6E7Q=
go.opentelemetry.io/otel v1.36.0 h1:UumtzIklRBY6cI/lllNZlALOF5nNIzJVb16APdvgTXg=
go.opentelemetry.io/otel v1.36.0/go.mod h1:/TcFMXYjyRNh8khOAO9ybYkqaDBb/70aVwkNML4pP8E=
go.opentelemetry.io/otel/exporters/stdout/stdoutmetric v1.36.0 h1:rixTyDGXFxRy1xzhKrotaHy3/KXdPhlWARrCgK+eqUY=
go.opentelemetry.io/otel/exporters/stdout/stdoutmetric v1.36.0/go.mod h1:dowW6UsM9MKbJq5JTz2AMVp3/5iW5I/TStsk8S+CfHw=
go.opentelemetry.io/otel/metric v1.36.0 h1:MoWPKVhQvJ+eeXWHFBOPoBOi20jh6Iq2CcCREuTYufE=
go.opentelemetry.io/otel/metric v1.36.0/go.mod h1:zC7Ks+yeyJt4xig9DEw9kuUFe5C3zLbVjV2PzT6qzbs=
go.opentelemetry.io/otel/sdk v1.36.0 h1:b6SYIuLRs88ztox4EyrvRti80uXIFy+Sqzoh9kFULbs=
go.opentelemetry.io/otel/sdk v1.36.0/go.mod h1:+lC+mTgD+MUWfjJubi2vvXWcVxyr9rmlshZni72pXeY=
go.opentelemetry.io/otel/sdk/metric v1.36.0 h1:r0ntwwGosWGaa0CrSt8cuNuTcccMXERFwHX4dThiPis=
go.opentelemetry.io/otel/sdk/metric v1.36.0/go.mod h1:qTNOhFDfKRwX0yXOqJYegL5WRaW376QbB7P4Pb0qva4=
go.opentelemetry.io/otel/trace v1.36.0 h1:ahxWNuqZjpdiFAyrIoQ4GIiAIhxAunQR6MUoKrsNd4w=
go.opentelemetry.io/otel/trace v1.36.0/go.mod h1:gQ+OnDZzrybY4k4seLzPAWNwVBBVlF2szhehOBB/tGA=
go.yaml.in/yaml/v3 v3.0.4 h1:tfq32ie2Jv2UxXFdLJdh3jXuOzWiL1fo0bu/FbuKpbc=
go.yaml.in/yaml/v3 v3.0.4/go.mod h1:DhzuOOF2ATzADvBadXxruRBLzYTpT36CKvDb3+aBEFg=
golang.org/x/crypto v0.41.0 h1:WKYxWedPGCTVVl5+WHSSrOBT0O8lx32+zxmHxijgXp4=
golang.org/x/crypto v0.41.0/go.mod h1:pO5AFd7FA68rFak7rOAGVuygIISepHftHnr8dr6+sUc=
golang.org/x/net v0.43.0 h1:lat02VYK2j4aLzMzecihNvTlJNQUq316m2Mr9rnM6YE=
golang.org/x/net v0.43.0/go.mod h1:vhO1fvI4dGsIjh73sWfUVjj3N7CA9WkKJNQm2svM6Jg=
golang.org/x/oauth2 v0.30.0 h1:dnDm7JmhM45NNpd8FDDeLhK6FwqbOf4MLCM9zb1BOHI=
golang.org/x/oauth2 v0.30.0/go.mod h1:B++QgG3ZKulg6sRPGD/mqlHQs5rB3Ml9erfeDY7xKlU=
golang.org/x/sync v0.16.0 h1:ycBJEhp9p4vXvUZNszeOq0kGTPghopOL8q0fq3vstxw=
golang.org/x/sync v0.16.0/go.mod h1:1dzgHSNfp02xaA81J2MS99Qcpr2w7fw1gpm99rleRqA=
golang.org/x/sys v0.0.0-20220715151400-c0bba94af5f8/go.mod h1:oPkhp1MJrh7nUepCBck5+mAzfO9JrbApNNgaTdGDITg=
golang.org/x/sys v0.35.0 h1:vz1N37gP5bs89s7He8XuIYXpyY0+QlsKmzipCbUtyxI=
golang.org/x/sys v0.35.0/go.mod h1:BJP2sWEmIv4KK5OTEluFJCKSidICx8ciO85XgH3Ak8k=
golang.org/x/term v0.34.0 h1:O/2T7POpk0ZZ7MAzMeWFSg6S5IpWd/RXDlM9hgM3DR4=
golang.org/x/term v0.34.0/go.mod h1:5jC53AEywhIVebHgPVeg0mj8OD3VO9OzclacVrqpaAw=
golang.org/x/text v0.28.0 h1:rhazDwis8INMIwQ4tpjLDzUhx6RlXqZNPEM0huQojng=
golang.org/x/text v0.28.0/go.mod h1:U8nCwOR8jO/marOQ0QbDiOngZVEBB7MAiitBuMjXiNU=
golang.org/x/time v0.12.0 h1:ScB/8o8olJvc+CQPWrK3fPZNfh7qgwCrY0zJmoEQLSE=
golang.org/x/time v0.12.0/go.mod h1:CDIdPxbZBQxdj6cxyCIdrNogrJKMJ7pr37NYpMcMDSg=
google.golang.org/api v0.247.0 h1:tSd/e0QrUlLsrwMKmkbQhYVa109qIintOls2Wh6bngc=
google.golang.org/api v0.247.0/go.mod h1:r1qZOPmxXffXg6xS5uhx16Fa/UFY8QU/K4bfKrnvovM=
google.golang.org/genproto v0.0.0-20250603155806-513f23925822 h1:rHWScKit0gvAPuOnu87KpaYtjK5zBMLcULh7gxkCXu4=
google.golang.org/genproto v0.0.0-20250603155806-513f23925822/go.mod h1:HubltRL7rMh0LfnQPkMH4NPDFEWp0jw3vixw7jEM53s=
google.golang.org/genproto/googleapis/api v0.0.0-20250818200422-3122310a409c h1:AtEkQdl5b6zsybXcbz00j1LwNodDuH6hVifIaNqk7NQ=
google.golang.org/genproto/googleapis/api v0.0.0-20250818200422-3122310a409c/go.mod h1:ea2MjsO70ssTfCjiwHgI0ZFqcw45Ksuk2ckf9G468GA=
google.golang.org/genproto/googleapis/rpc v0.0.0-20250818200422-3122310a409c h1:qXWI/sQtv5UKboZ/zUk7h+mrf/lXORyI+n9DKDAusdg=
google.golang.org/genproto/googleapis/rpc v0.0.0-20250818200422-3122310a409c/go.mod h1:gw1tLEfykwDz2ET4a12jcXt4couGAm7IwsVaTy0Sflo=
google.golang.org/grpc v1.74.3 h1:Upn9dMUIfuKB8AGEIdaAx21wDy1z/hV+Z3s5SScLkI4=
google.golang.org/grpc v1.74.3/go.mod h1:CtQ+BGjaAIXHs/5YS3i473GqwBBa1zGQNevxdeBEXrM=
google.golang.org/protobuf v1.36.7 h1:IgrO7UwFQGJdRNXH/sQux4R1Dj1WAKcLElzeeRaXV2A=
google.golang.org/protobuf v1.36.7/go.mod h1:jduwjTPXsFjZGTmRluh+L6NjiWu7pchiJ2/5YcXBHnY=
gopkg.in/check.v1 v0.0.0-20161208181325-20d25e280405/go.mod h1:Co6ibVJAznAaIkqp8huTwlJQCZ016jof/cbN4VW5Yz0=
gopkg.in/check.v1 v1.0.0-20201130134442-10cb98267c6c h1:Hei/4ADfdWqJk1ZMxUNpqntNwaWcugrBjAiHlqqRiVk=
gopkg.in/check.v1 v1.0.0-20201130134442-10cb98267c6c/go.mod h1:JHkPIbrfpd72SG/EVd6muEfDQjcINNoR0C8j2r3qZ4Q=
gopkg.in/yaml.v3 v3.0.0-20200313102051-9f266ea9e77c/go.mod h1:K4uyk7z7BCEPqu6E+C64Yfv1cQ7kz7rIZviUmN+EgEM=
gopkg.in/yaml.v3 v3.0.1 h1:fxVm/GzAzEWqLHuvctI91KS9hhNmmWOoWu0XTYJS7CA=
gopkg.in/yaml.v3 v3.0.1/go.mod h1:K4uyk7z7BCEPqu6E+C64Yfv1cQ7kz7rIZviUmN+EgEM=
